
Microsoft Visual Studio Solution File, Format Version 12.00
# Visual Studio Version 16
VisualStudioVersion = 16.0.31019.35
MinimumVisualStudioVersion = 10.0.40219.1
Project("{9A19103F-16F7-4668-BE54-9A1E7A4F7556}") = "GameFramework", "GameFramework\GameFramework.csproj", "{88244F23-C86B-43F4-AA25-D1AC7A58F183}"
EndProject
Project("{9A19103F-16F7-4668-BE54-9A1E7A4F7556}") = "GamePlatform", "GamePlatform\GamePlatform.csproj", "{A3C8441F-E950-45CD-8210-66C0C346CF25}"
EndProject
Project("{FAE04EC0-301F-11D3-BF4B-00C04F79EFBC}") = "TestGameFramework", "TestGameFramework\TestGameFramework.csproj", "{118E3A2C-81BF-49EF-B50A-1FBBED2D5C6E}"
EndProject
Global
	GlobalSection(SolutionConfigurationPlatforms) = preSolution
		Debug|Any CPU = Debug|Any CPU
		Release|Any CPU = Release|Any CPU
	EndGlobalSection
	GlobalSection(ProjectConfigurationPlatforms) = postSolution
		{88244F23-C86B-43F4-AA25-D1AC7A58F183}.Debug|Any CPU.ActiveCfg = Debug|Any CPU
		{88244F23-C86B-43F4-AA25-D1AC7A58F183}.Debug|Any CPU.Build.0 = Debug|Any CPU
		{88244F23-C86B-43F4-AA25-D1AC7A58F183}.Release|Any CPU.ActiveCfg = Release|Any CPU
		{88244F23-C86B-43F4-AA25-D1AC7A58F183}.Release|Any CPU.Build.0 = Release|Any CPU
		{A3C8441F-E950-45CD-8210-66C0C346CF25}.Debug|Any CPU.ActiveCfg = Debug|Any CPU
		{A3C8441F-E950-45CD-8210-66C0C346CF25}.Debug|Any CPU.Build.0 = Debug|Any CPU
		{A3C8441F-E950-45CD-8210-66C0C346CF25}.Release|Any CPU.ActiveCfg = Release|Any CPU
		{A3C8441F-E950-45CD-8210-66C0C346CF25}.Release|Any CPU.Build.0 = Release|Any CPU
		{118E3A2C-81BF-49EF-B50A-1FBBED2D5C6E}.Debug|Any CPU.ActiveCfg = Debug|Any CPU
		{118E3A2C-81BF-49EF-B50A-1FBBED2D5C6E}.Debug|Any CPU.Build.0 = Debug|Any CPU
		{118E3A2C-81BF-49EF-B50A-1FBBED2D5C6E}.Release|Any CPU.ActiveCfg = Release|Any CPU
		{118E3A2C-81BF-49EF-B50A-1FBBED2D5C6E}.Release|Any CPU.Build.0 = Release|Any CPU
	EndGlobalSection
	GlobalSection(SolutionProperties) = preSolution
		HideSolutionNode = FALSE
	EndGlobalSection
	GlobalSection(ExtensibilityGlobals) = postSolution
		SolutionGuid = {D7E92F73-1CE6-4FD2-88FD-D648797D7720}
	EndGlobalSection
EndGlobal
